// !$*UTF8*$!
{
	archiveVersion = 1;
	classes = {
	};
	objectVersion = 56;
	objects = {

/* Begin PBXBuildFile section */
		3750800528F7FAB20086B730 /* TitleCollectionViewCell.swift in Sources */ = {isa = PBXBuildFile; fileRef = 3750800428F7FAB20086B730 /* TitleCollectionViewCell.swift */; };
		3750800828F7FBC20086B730 /* SDWebImage in Frameworks */ = {isa = PBXBuildFile; productRef = 3750800728F7FBC20086B730 /* SDWebImage */; };
		3750800A28F80F980086B730 /* TitleTableViewCell.swift in Sources */ = {isa = PBXBuildFile; fileRef = 3750800928F80F980086B730 /* TitleTableViewCell.swift */; };
		3750800C28F823B60086B730 /* TitleViewModel.swift in Sources */ = {isa = PBXBuildFile; fileRef = 3750800B28F823B60086B730 /* TitleViewModel.swift */; };
		3750800E28F835A20086B730 /* SearchResultsViewController.swift in Sources */ = {isa = PBXBuildFile; fileRef = 3750800D28F835A20086B730 /* SearchResultsViewController.swift */; };
		3750801228F84D080086B730 /* YoutubeSearchResponse.swift in Sources */ = {isa = PBXBuildFile; fileRef = 3750801128F84D080086B730 /* YoutubeSearchResponse.swift */; };
		3750801428F850D50086B730 /* TitlePreviewViewController.swift in Sources */ = {isa = PBXBuildFile; fileRef = 3750801328F850D50086B730 /* TitlePreviewViewController.swift */; };
		3750801628F853F40086B730 /* TitlePreviewViewModel.swift in Sources */ = {isa = PBXBuildFile; fileRef = 3750801528F853F40086B730 /* TitlePreviewViewModel.swift */; };
		37C481EA28F6A99D00C50644 /* AppDelegate.swift in Sources */ = {isa = PBXBuildFile; fileRef = 37C481E928F6A99D00C50644 /* AppDelegate.swift */; };
		37C481EC28F6A99D00C50644 /* SceneDelegate.swift in Sources */ = {isa = PBXBuildFile; fileRef = 37C481EB28F6A99D00C50644 /* SceneDelegate.swift */; };
		37C481EE28F6A99D00C50644 /* MainTabBarViewController.swift in Sources */ = {isa = PBXBuildFile; fileRef = 37C481ED28F6A99D00C50644 /* MainTabBarViewController.swift */; };
		37C481F328F6A99E00C50644 /* Assets.xcassets in Resources */ = {isa = PBXBuildFile; fileRef = 37C481F228F6A99E00C50644 /* Assets.xcassets */; };
		37C481F628F6A99E00C50644 /* LaunchScreen.storyboard in Resources */ = {isa = PBXBuildFile; fileRef = 37C481F428F6A99E00C50644 /* LaunchScreen.storyboard */; };
		37C481FF28F6AB7400C50644 /* HomeViewController.swift in Sources */ = {isa = PBXBuildFile; fileRef = 37C481FE28F6AB7400C50644 /* HomeViewController.swift */; };
		37C4820128F6ABA100C50644 /* UpcomingViewController.swift in Sources */ = {isa = PBXBuildFile; fileRef = 37C4820028F6ABA100C50644 /* UpcomingViewController.swift */; };
		37C4820328F6ABC000C50644 /* SearchViewController.swift in Sources */ = {isa = PBXBuildFile; fileRef = 37C4820228F6ABC000C50644 /* SearchViewController.swift */; };
		37C4820528F6ABE900C50644 /* DownloadsViewController.swift in Sources */ = {isa = PBXBuildFile; fileRef = 37C4820428F6ABE900C50644 /* DownloadsViewController.swift */; };
		37C4820C28F6B5BC00C50644 /* CollectionViewTableViewCell.swift in Sources */ = {isa = PBXBuildFile; fileRef = 37C4820B28F6B5BC00C50644 /* CollectionViewTableViewCell.swift */; };
		37C4820E28F6C23B00C50644 /* HeroHeaderUIView.swift in Sources */ = {isa = PBXBuildFile; fileRef = 37C4820D28F6C23B00C50644 /* HeroHeaderUIView.swift */; };
		37C4821028F6F5D900C50644 /* ApiCaller.swift in Sources */ = {isa = PBXBuildFile; fileRef = 37C4820F28F6F5D900C50644 /* ApiCaller.swift */; };
		37C4821228F703ED00C50644 /* Title.swift in Sources */ = {isa = PBXBuildFile; fileRef = 37C4821128F703ED00C50644 /* Title.swift */; };
/* End PBXBuildFile section */

/* Begin PBXFileReference section */
		3750800428F7FAB20086B730 /* TitleCollectionViewCell.swift */ = {isa = PBXFileReference; lastKnownFileType = sourcecode.swift; path = TitleCollectionViewCell.swift; sourceTree = "<group>"; };
		3750800928F80F980086B730 /* TitleTableViewCell.swift */ = {isa = PBXFileReference; lastKnownFileType = sourcecode.swift; path = TitleTableViewCell.swift; sourceTree = "<group>"; };
		3750800B28F823B60086B730 /* TitleViewModel.swift */ = {isa = PBXFileReference; lastKnownFileType = sourcecode.swift; path = TitleViewModel.swift; sourceTree = "<group>"; };
		3750800D28F835A20086B730 /* SearchResultsViewController.swift */ = {isa = PBXFileReference; lastKnownFileType = sourcecode.swift; path = SearchResultsViewController.swift; sourceTree = "<group>"; };
		3750801128F84D080086B730 /* YoutubeSearchResponse.swift */ = {isa = PBXFileReference; lastKnownFileType = sourcecode.swift; path = YoutubeSearchResponse.swift; sourceTree = "<group>"; };
		3750801328F850D50086B730 /* TitlePreviewViewController.swift */ = {isa = PBXFileReference; lastKnownFileType = sourcecode.swift; path = TitlePreviewViewController.swift; sourceTree = "<group>"; };
		3750801528F853F40086B730 /* TitlePreviewViewModel.swift */ = {isa = PBXFileReference; lastKnownFileType = sourcecode.swift; path = TitlePreviewViewModel.swift; sourceTree = "<group>"; };
		37C481E628F6A99D00C50644 /* NetflixClone.app */ = {isa = PBXFileReference; explicitFileType = wrapper.application; includeInIndex = 0; path = NetflixClone.app; sourceTree = BUILT_PRODUCTS_DIR; };
		37C481E928F6A99D00C50644 /* AppDelegate.swift */ = {isa = PBXFileReference; lastKnownFileType = sourcecode.swift; path = AppDelegate.swift; sourceTree = "<group>"; };
		37C481EB28F6A99D00C50644 /* SceneDelegate.swift */ = {isa = PBXFileReference; lastKnownFileType = sourcecode.swift; path = SceneDelegate.swift; sourceTree = "<group>"; };
		37C481ED28F6A99D00C50644 /* MainTabBarViewController.swift */ = {isa = PBXFileReference; lastKnownFileType = sourcecode.swift; path = MainTabBarViewController.swift; sourceTree = "<group>"; };
		37C481F228F6A99E00C50644 /* Assets.xcassets */ = {isa = PBXFileReference; lastKnownFileType = folder.assetcatalog; path = Assets.xcassets; sourceTree = "<group>"; };
		37C481F528F6A99E00C50644 /* Base */ = {isa = PBXFileReference; lastKnownFileType = file.storyboard; name = Base; path = Base.lproj/LaunchScreen.storyboard; sourceTree = "<group>"; };
		37C481F728F6A99E00C50644 /* Info.plist */ = {isa = PBXFileReference; lastKnownFileType = text.plist.xml; path = Info.plist; sourceTree = "<group>"; };
		37C481FE28F6AB7400C50644 /* HomeViewController.swift */ = {isa = PBXFileReference; lastKnownFileType = sourcecode.swift; path = HomeViewController.swift; sourceTree = "<group>"; };
		37C4820028F6ABA100C50644 /* UpcomingViewController.swift */ = {isa = PBXFileReference; lastKnownFileType = sourcecode.swift; path = UpcomingViewController.swift; sourceTree = "<group>"; };
		37C4820228F6ABC000C50644 /* SearchViewController.swift */ = {isa = PBXFileReference; lastKnownFileType = sourcecode.swift; path = SearchViewController.swift; sourceTree = "<group>"; };
		37C4820428F6ABE900C50644 /* DownloadsViewController.swift */ = {isa = PBXFileReference; lastKnownFileType = sourcecode.swift; path = DownloadsViewController.swift; sourceTree = "<group>"; };
		37C4820B28F6B5BC00C50644 /* CollectionViewTableViewCell.swift */ = {isa = PBXFileReference; lastKnownFileType = sourcecode.swift; path = CollectionViewTableViewCell.swift; sourceTree = "<group>"; };
		37C4820D28F6C23B00C50644 /* HeroHeaderUIView.swift */ = {isa = PBXFileReference; lastKnownFileType = sourcecode.swift; path = HeroHeaderUIView.swift; sourceTree = "<group>"; };
		37C4820F28F6F5D900C50644 /* ApiCaller.swift */ = {isa = PBXFileReference; lastKnownFileType = sourcecode.swift; path = ApiCaller.swift; sourceTree = "<group>"; };
		37C4821128F703ED00C50644 /* Title.swift */ = {isa = PBXFileReference; lastKnownFileType = sourcecode.swift; path = Title.swift; sourceTree = "<group>"; };
/* End PBXFileReference section */

/* Begin PBXFrameworksBuildPhase section */
		37C481E328F6A99D00C50644 /* Frameworks */ = {
			isa = PBXFrameworksBuildPhase;
			buildActionMask = 2147483647;
			files = (
				3750800828F7FBC20086B730 /* SDWebImage in Frameworks */,
			);
			runOnlyForDeploymentPostprocessing = 0;
		};
/* End PBXFrameworksBuildPhase section */

/* Begin PBXGroup section */
		3750800F28F835D70086B730 /* Core */ = {
			isa = PBXGroup;
			children = (
				37C481FE28F6AB7400C50644 /* HomeViewController.swift */,
				37C4820028F6ABA100C50644 /* UpcomingViewController.swift */,
				37C4820228F6ABC000C50644 /* SearchViewController.swift */,
				37C4820428F6ABE900C50644 /* DownloadsViewController.swift */,
			);
			path = Core;
			sourceTree = "<group>";
		};
		3750801028F835F70086B730 /* General */ = {
			isa = PBXGroup;
			children = (
				3750800D28F835A20086B730 /* SearchResultsViewController.swift */,
				3750801328F850D50086B730 /* TitlePreviewViewController.swift */,
			);
			path = General;
			sourceTree = "<group>";
		};
		37C481DD28F6A99D00C50644 = {
			isa = PBXGroup;
			children = (
				37C481E828F6A99D00C50644 /* NetflixClone */,
				37C481E728F6A99D00C50644 /* Products */,
			);
			sourceTree = "<group>";
		};
		37C481E728F6A99D00C50644 /* Products */ = {
			isa = PBXGroup;
			children = (
				37C481E628F6A99D00C50644 /* NetflixClone.app */,
			);
			name = Products;
			sourceTree = "<group>";
		};
		37C481E828F6A99D00C50644 /* NetflixClone */ = {
			isa = PBXGroup;
			children = (
				37C4820A28F6B58100C50644 /* Managers */,
				37C4820628F6B52200C50644 /* Models */,
				37C4820728F6B52700C50644 /* Views */,
				37C4820828F6B52F00C50644 /* ViewModels */,
				37C481FD28F6AB5B00C50644 /* Controllers */,
				37C481E928F6A99D00C50644 /* AppDelegate.swift */,
				37C481EB28F6A99D00C50644 /* SceneDelegate.swift */,
				37C481ED28F6A99D00C50644 /* MainTabBarViewController.swift */,
				37C481F228F6A99E00C50644 /* Assets.xcassets */,
				37C481F428F6A99E00C50644 /* LaunchScreen.storyboard */,
				37C481F728F6A99E00C50644 /* Info.plist */,
			);
			path = NetflixClone;
			sourceTree = "<group>";
		};
		37C481FD28F6AB5B00C50644 /* Controllers */ = {
			isa = PBXGroup;
			children = (
				3750801028F835F70086B730 /* General */,
				3750800F28F835D70086B730 /* Core */,
			);
			path = Controllers;
			sourceTree = "<group>";
		};
		37C4820628F6B52200C50644 /* Models */ = {
			isa = PBXGroup;
			children = (
				37C4821128F703ED00C50644 /* Title.swift */,
				3750801128F84D080086B730 /* YoutubeSearchResponse.swift */,
			);
			path = Models;
			sourceTree = "<group>";
		};
		37C4820728F6B52700C50644 /* Views */ = {
			isa = PBXGroup;
			children = (
				37C4820B28F6B5BC00C50644 /* CollectionViewTableViewCell.swift */,
				37C4820D28F6C23B00C50644 /* HeroHeaderUIView.swift */,
				3750800428F7FAB20086B730 /* TitleCollectionViewCell.swift */,
				3750800928F80F980086B730 /* TitleTableViewCell.swift */,
			);
			path = Views;
			sourceTree = "<group>";
		};
		37C4820828F6B52F00C50644 /* ViewModels */ = {
			isa = PBXGroup;
			children = (
				3750800B28F823B60086B730 /* TitleViewModel.swift */,
				3750801528F853F40086B730 /* TitlePreviewViewModel.swift */,
			);
			path = ViewModels;
			sourceTree = "<group>";
		};
		37C4820A28F6B58100C50644 /* Managers */ = {
			isa = PBXGroup;
			children = (
				37C4820F28F6F5D900C50644 /* ApiCaller.swift */,
			);
			path = Managers;
			sourceTree = "<group>";
		};
/* End PBXGroup section */

/* Begin PBXNativeTarget section */
		37C481E528F6A99D00C50644 /* NetflixClone */ = {
			isa = PBXNativeTarget;
			buildConfigurationList = 37C481FA28F6A99E00C50644 /* Build configuration list for PBXNativeTarget "NetflixClone" */;
			buildPhases = (
				37C481E228F6A99D00C50644 /* Sources */,
				37C481E328F6A99D00C50644 /* Frameworks */,
				37C481E428F6A99D00C50644 /* Resources */,
			);
			buildRules = (
			);
			dependencies = (
			);
			name = NetflixClone;
			packageProductDependencies = (
				3750800728F7FBC20086B730 /* SDWebImage */,
			);
			productName = NetflixClone;
			productReference = 37C481E628F6A99D00C50644 /* NetflixClone.app */;
			productType = "com.apple.product-type.application";
		};
/* End PBXNativeTarget section */

/* Begin PBXProject section */
		37C481DE28F6A99D00C50644 /* Project object */ = {
			isa = PBXProject;
			attributes = {
				BuildIndependentTargetsInParallel = 1;
				LastSwiftUpdateCheck = 1400;
				LastUpgradeCheck = 1400;
				TargetAttributes = {
					37C481E528F6A99D00C50644 = {
						CreatedOnToolsVersion = 14.0.1;
					};
				};
			};
			buildConfigurationList = 37C481E128F6A99D00C50644 /* Build configuration list for PBXProject "NetflixClone" */;
			compatibilityVersion = "Xcode 14.0";
			developmentRegion = en;
			hasScannedForEncodings = 0;
			knownRegions = (
				en,
				Base,
			);
			mainGroup = 37C481DD28F6A99D00C50644;
			packageReferences = (
				3750800628F7FBC20086B730 /* XCRemoteSwiftPackageReference "SDWebImage" */,
			);
			productRefGroup = 37C481E728F6A99D00C50644 /* Products */;
			projectDirPath = "";
			projectRoot = "";
			targets = (
				37C481E528F6A99D00C50644 /* NetflixClone */,
			);
		};
/* End PBXProject section */

/* Begin PBXResourcesBuildPhase section */
		37C481E428F6A99D00C50644 /* Resources */ = {
			isa = PBXResourcesBuildPhase;
			buildActionMask = 2147483647;
			files = (
				37C481F628F6A99E00C50644 /* LaunchScreen.storyboard in Resources */,
				37C481F328F6A99E00C50644 /* Assets.xcassets in Resources */,
			);
			runOnlyForDeploymentPostprocessing = 0;
		};
/* End PBXResourcesBuildPhase section */

/* Begin PBXSourcesBuildPhase section */
		37C481E228F6A99D00C50644 /* Sources */ = {
			isa = PBXSourcesBuildPhase;
			buildActionMask = 2147483647;
			files = (
				3750800A28F80F980086B730 /* TitleTableViewCell.swift in Sources */,
				37C4820328F6ABC000C50644 /* SearchViewController.swift in Sources */,
				3750800528F7FAB20086B730 /* TitleCollectionViewCell.swift in Sources */,
				37C481EE28F6A99D00C50644 /* MainTabBarViewController.swift in Sources */,
				37C4820C28F6B5BC00C50644 /* CollectionViewTableViewCell.swift in Sources */,
				37C4820E28F6C23B00C50644 /* HeroHeaderUIView.swift in Sources */,
				37C4820528F6ABE900C50644 /* DownloadsViewController.swift in Sources */,
				37C481EA28F6A99D00C50644 /* AppDelegate.swift in Sources */,
				37C481EC28F6A99D00C50644 /* SceneDelegate.swift in Sources */,
				3750800E28F835A20086B730 /* SearchResultsViewController.swift in Sources */,
				3750801228F84D080086B730 /* YoutubeSearchResponse.swift in Sources */,
				37C4820128F6ABA100C50644 /* UpcomingViewController.swift in Sources */,
				3750801628F853F40086B730 /* TitlePreviewViewModel.swift in Sources */,
				37C481FF28F6AB7400C50644 /* HomeViewController.swift in Sources */,
				3750801428F850D50086B730 /* TitlePreviewViewController.swift in Sources */,
				37C4821228F703ED00C50644 /* Title.swift in Sources */,
				37C4821028F6F5D900C50644 /* ApiCaller.swift in Sources */,
				3750800C28F823B60086B730 /* TitleViewModel.swift in Sources */,
			);
			runOnlyForDeploymentPostprocessing = 0;
		};
/* End PBXSourcesBuildPhase section */

/* Begin PBXVariantGroup section */
		37C481F428F6A99E00C50644 /* LaunchScreen.storyboard */ = {
			isa = PBXVariantGroup;
			children = (
				37C481F528F6A99E00C50644 /* Base */,
			);
			name = LaunchScreen.storyboard;
			sourceTree = "<group>";
		};
/* End PBXVariantGroup section */

/* Begin XCBuildConfiguration section */
		37C481F828F6A99E00C50644 /* Debug */ = {
			isa = XCBuildConfiguration;
			buildSettings = {
				ALWAYS_SEARCH_USER_PATHS = NO;
				CLANG_ANALYZER_NONNULL = YES;
				CLANG_ANALYZER_NUMBER_OBJECT_CONVERSION = YES_AGGRESSIVE;
				CLANG_CXX_LANGUAGE_STANDARD = "gnu++20";
				CLANG_ENABLE_MODULES = YES;
				CLANG_ENABLE_OBJC_ARC = YES;
				CLANG_ENABLE_OBJC_WEAK = YES;
				CLANG_WARN_BLOCK_CAPTURE_AUTORELEASING = YES;
				CLANG_WARN_BOOL_CONVERSION = YES;
				CLANG_WARN_COMMA = YES;
				CLANG_WARN_CONSTANT_CONVERSION = YES;
				CLANG_WARN_DEPRECATED_OBJC_IMPLEMENTATIONS = YES;
				CLANG_WARN_DIRECT_OBJC_ISA_USAGE = YES_ERROR;
				CLANG_WARN_DOCUMENTATION_COMMENTS = YES;
				CLANG_WARN_EMPTY_BODY = YES;
				CLANG_WARN_ENUM_CONVERSION = YES;
				CLANG_WARN_INFINITE_RECURSION = YES;
				CLANG_WARN_INT_CONVERSION = YES;
				CLANG_WARN_NON_LITERAL_NULL_CONVERSION = YES;
				CLANG_WARN_OBJC_IMPLICIT_RETAIN_SELF = YES;
				CLANG_WARN_OBJC_LITERAL_CONVERSION = YES;
				CLANG_WARN_OBJC_ROOT_CLASS = YES_ERROR;
				CLANG_WARN_QUOTED_INCLUDE_IN_FRAMEWORK_HEADER = YES;
				CLANG_WARN_RANGE_LOOP_ANALYSIS = YES;
				CLANG_WARN_STRICT_PROTOTYPES = YES;
				CLANG_WARN_SUSPICIOUS_MOVE = YES;
				CLANG_WARN_UNGUARDED_AVAILABILITY = YES_AGGRESSIVE;
				CLANG_WARN_UNREACHABLE_CODE = YES;
				CLANG_WARN__DUPLICATE_METHOD_MATCH = YES;
				COPY_PHASE_STRIP = NO;
				DEBUG_INFORMATION_FORMAT = dwarf;
				ENABLE_STRICT_OBJC_MSGSEND = YES;
				ENABLE_TESTABILITY = YES;
				GCC_C_LANGUAGE_STANDARD = gnu11;
				GCC_DYNAMIC_NO_PIC = NO;
				GCC_NO_COMMON_BLOCKS = YES;
				GCC_OPTIMIZATION_LEVEL = 0;
				GCC_PREPROCESSOR_DEFINITIONS = (
					"DEBUG=1",
					"$(inherited)",
				);
				GCC_WARN_64_TO_32_BIT_CONVERSION = YES;
				GCC_WARN_ABOUT_RETURN_TYPE = YES_ERROR;
				GCC_WARN_UNDECLARED_SELECTOR = YES;
				GCC_WARN_UNINITIALIZED_AUTOS = YES_AGGRESSIVE;
				GCC_WARN_UNUSED_FUNCTION = YES;
				GCC_WARN_UNUSED_VARIABLE = YES;
				IPHONEOS_DEPLOYMENT_TARGET = 16.0;
				MTL_ENABLE_DEBUG_INFO = INCLUDE_SOURCE;
				MTL_FAST_MATH = YES;
				ONLY_ACTIVE_ARCH = YES;
				SDKROOT = iphoneos;
				SWIFT_ACTIVE_COMPILATION_CONDITIONS = DEBUG;
				SWIFT_OPTIMIZATION_LEVEL = "-Onone";
			};
			name = Debug;
		};
		37C481F928F6A99E00C50644 /* Release */ = {
			isa = XCBuildConfiguration;
			buildSettings = {
				ALWAYS_SEARCH_USER_PATHS = NO;
				CLANG_ANALYZER_NONNULL = YES;
				CLANG_ANALYZER_NUMBER_OBJECT_CONVERSION = YES_AGGRESSIVE;
				CLANG_CXX_LANGUAGE_STANDARD = "gnu++20";
				CLANG_ENABLE_MODULES = YES;
				CLANG_ENABLE_OBJC_ARC = YES;
				CLANG_ENABLE_OBJC_WEAK = YES;
				CLANG_WARN_BLOCK_CAPTURE_AUTORELEASING = YES;
				CLANG_WARN_BOOL_CONVERSION = YES;
				CLANG_WARN_COMMA = YES;
				CLANG_WARN_CONSTANT_CONVERSION = YES;
				CLANG_WARN_DEPRECATED_OBJC_IMPLEMENTATIONS = YES;
				CLANG_WARN_DIRECT_OBJC_ISA_USAGE = YES_ERROR;
				CLANG_WARN_DOCUMENTATION_COMMENTS = YES;
				CLANG_WARN_EMPTY_BODY = YES;
				CLANG_WARN_ENUM_CONVERSION = YES;
				CLANG_WARN_INFINITE_RECURSION = YES;
				CLANG_WARN_INT_CONVERSION = YES;
				CLANG_WARN_NON_LITERAL_NULL_CONVERSION = YES;
				CLANG_WARN_OBJC_IMPLICIT_RETAIN_SELF = YES;
				CLANG_WARN_OBJC_LITERAL_CONVERSION = YES;
				CLANG_WARN_OBJC_ROOT_CLASS = YES_ERROR;
				CLANG_WARN_QUOTED_INCLUDE_IN_FRAMEWORK_HEADER = YES;
				CLANG_WARN_RANGE_LOOP_ANALYSIS = YES;
				CLANG_WARN_STRICT_PROTOTYPES = YES;
				CLANG_WARN_SUSPICIOUS_MOVE = YES;
				CLANG_WARN_UNGUARDED_AVAILABILITY = YES_AGGRESSIVE;
				CLANG_WARN_UNREACHABLE_CODE = YES;
				CLANG_WARN__DUPLICATE_METHOD_MATCH = YES;
				COPY_PHASE_STRIP = NO;
				DEBUG_INFORMATION_FORMAT = "dwarf-with-dsym";
				ENABLE_NS_ASSERTIONS = NO;
				ENABLE_STRICT_OBJC_MSGSEND = YES;
				GCC_C_LANGUAGE_STANDARD = gnu11;
				GCC_NO_COMMON_BLOCKS = YES;
				GCC_WARN_64_TO_32_BIT_CONVERSION = YES;
				GCC_WARN_ABOUT_RETURN_TYPE = YES_ERROR;
				GCC_WARN_UNDECLARED_SELECTOR = YES;
				GCC_WARN_UNINITIALIZED_AUTOS = YES_AGGRESSIVE;
				GCC_WARN_UNUSED_FUNCTION = YES;
				GCC_WARN_UNUSED_VARIABLE = YES;
				IPHONEOS_DEPLOYMENT_TARGET = 16.0;
				MTL_ENABLE_DEBUG_INFO = NO;
				MTL_FAST_MATH = YES;
				SDKROOT = iphoneos;
				SWIFT_COMPILATION_MODE = wholemodule;
				SWIFT_OPTIMIZATION_LEVEL = "-O";
				VALIDATE_PRODUCT = YES;
			};
			name = Release;
		};
		37C481FB28F6A99E00C50644 /* Debug */ = {
			isa = XCBuildConfiguration;
			buildSettings = {
				ASSETCATALOG_COMPILER_APPICON_NAME = AppIcon;
				ASSETCATALOG_COMPILER_GLOBAL_ACCENT_COLOR_NAME = AccentColor;
				CODE_SIGN_STYLE = Automatic;
				CURRENT_PROJECT_VERSION = 1;
				DEVELOPMENT_TEAM = LT685LKMXJ;
				GENERATE_INFOPLIST_FILE = YES;
				INFOPLIST_FILE = NetflixClone/Info.plist;
				INFOPLIST_KEY_UIApplicationSupportsIndirectInputEvents = YES;
				INFOPLIST_KEY_UILaunchStoryboardName = LaunchScreen;
				INFOPLIST_KEY_UISupportedInterfaceOrientations_iPad = "UIInterfaceOrientationPortrait UIInterfaceOrientationPortraitUpsideDown UIInterfaceOrientationLandscapeLeft UIInterfaceOrientationLandscapeRight";
				INFOPLIST_KEY_UISupportedInterfaceOrientations_iPhone = "UIInterfaceOrientationPortrait UIInterfaceOrientationLandscapeLeft UIInterfaceOrientationLandscapeRight";
				LD_RUNPATH_SEARCH_PATHS = (
					"$(inherited)",
					"@executable_path/Frameworks",
				);
				MARKETING_VERSION = 1.0;
				PRODUCT_BUNDLE_IDENTIFIER = com.iosdevpsi.NetflixClone;
				PRODUCT_NAME = "$(TARGET_NAME)";
				SWIFT_EMIT_LOC_STRINGS = YES;
				SWIFT_VERSION = 5.0;
				TARGETED_DEVICE_FAMILY = "1,2";
			};
			name = Debug;
		};
		37C481FC28F6A99E00C50644 /* Release */ = {
			isa = XCBuildConfiguration;
			buildSettings = {
				ASSETCATALOG_COMPILER_APPICON_NAME = AppIcon;
				ASSETCATALOG_COMPILER_GLOBAL_ACCENT_COLOR_NAME = AccentColor;
				CODE_SIGN_STYLE = Automatic;
				CURRENT_PROJECT_VERSION = 1;
				DEVELOPMENT_TEAM = LT685LKMXJ;
				GENERATE_INFOPLIST_FILE = YES;
				INFOPLIST_FILE = NetflixClone/Info.plist;
				INFOPLIST_KEY_UIApplicationSupportsIndirectInputEvents = YES;
				INFOPLIST_KEY_UILaunchStoryboardName = LaunchScreen;
				INFOPLIST_KEY_UISupportedInterfaceOrientations_iPad = "UIInterfaceOrientationPortrait UIInterfaceOrientationPortraitUpsideDown UIInterfaceOrientationLandscapeLeft UIInterfaceOrientationLandscapeRight";
				INFOPLIST_KEY_UISupportedInterfaceOrientations_iPhone = "UIInterfaceOrientationPortrait UIInterfaceOrientationLandscapeLeft UIInterfaceOrientationLandscapeRight";
				LD_RUNPATH_SEARCH_PATHS = (
					"$(inherited)",
					"@executable_path/Frameworks",
				);
				MARKETING_VERSION = 1.0;
				PRODUCT_BUNDLE_IDENTIFIER = com.iosdevpsi.NetflixClone;
				PRODUCT_NAME = "$(TARGET_NAME)";
				SWIFT_EMIT_LOC_STRINGS = YES;
				SWIFT_VERSION = 5.0;
				TARGETED_DEVICE_FAMILY = "1,2";
			};
			name = Release;
		};
/* End XCBuildConfiguration section */

/* Begin XCConfigurationList section */
		37C481E128F6A99D00C50644 /* Build configuration list for PBXProject "NetflixClone" */ = {
			isa = XCConfigurationList;
			buildConfigurations = (
				37C481F828F6A99E00C50644 /* Debug */,
				37C481F928F6A99E00C50644 /* Release */,
			);
			defaultConfigurationIsVisible = 0;
			defaultConfigurationName = Release;
		};
		37C481FA28F6A99E00C50644 /* Build configuration list for PBXNativeTarget "NetflixClone" */ = {
			isa = XCConfigurationList;
			buildConfigurations = (
				37C481FB28F6A99E00C50644 /* Debug */,
				37C481FC28F6A99E00C50644 /* Release */,
			);
			defaultConfigurationIsVisible = 0;
			defaultConfigurationName = Release;
		};
/* End XCConfigurationList section */

/* Begin XCRemoteSwiftPackageReference section */
		3750800628F7FBC20086B730 /* XCRemoteSwiftPackageReference "SDWebImage" */ = {
			isa = XCRemoteSwiftPackageReference;
			repositoryURL = "https://github.com/SDWebImage/SDWebImage";
			requirement = {
				kind = upToNextMajorVersion;
				minimumVersion = 5.0.0;
			};
		};
/* End XCRemoteSwiftPackageReference section */

/* Begin XCSwiftPackageProductDependency section */
		3750800728F7FBC20086B730 /* SDWebImage */ = {
			isa = XCSwiftPackageProductDependency;
			package = 3750800628F7FBC20086B730 /* XCRemoteSwiftPackageReference "SDWebImage" */;
			productName = SDWebImage;
		};
/* End XCSwiftPackageProductDependency section */
	};
	rootObject = 37C481DE28F6A99D00C50644 /* Project object */;
}
